
Microsoft Visual Studio Solution File, Format Version 12.00
# Visual Studio 15
VisualStudioVersion = 15.0.27703.2035
MinimumVisualStudioVersion = 10.0.40219.1
Project("{FAE04EC0-301F-11D3-BF4B-00C04F79EFBC}") = "AngularCore", "AngularCore\AngularCore.csproj", "{BAA56E6E-A264-4447-809B-B38D2C39844E}"
EndProject
Global
	GlobalSection(SolutionConfigurationPlatforms) = preSolution
		Debug|Any CPU = Debug|Any CPU
		Release|Any CPU = Release|Any CPU
	EndGlobalSection
	GlobalSection(ProjectConfigurationPlatforms) = postSolution
		{BAA56E6E-A264-4447-809B-B38D2C39844E}.Debug|Any CPU.ActiveCfg = Debug|Any CPU
		{BAA56E6E-A264-4447-809B-B38D2C39844E}.Debug|Any CPU.Build.0 = Debug|Any CPU
		{BAA56E6E-A264-4447-809B-B38D2C39844E}.Release|Any CPU.ActiveCfg = Release|Any CPU
		{BAA56E6E-A264-4447-809B-B38D2C39844E}.Release|Any CPU.Build.0 = Release|Any CPU
	EndGlobalSection
	GlobalSection(SolutionProperties) = preSolution
		HideSolutionNode = FALSE
	EndGlobalSection
	GlobalSection(ExtensibilityGlobals) = postSolution
		SolutionGuid = {B8A4A80E-413F-435F-B548-E981FADD40CB}
	EndGlobalSection
EndGlobal
